#MicroXplorer Configuration settings - do not modify
Mcu.Family=STM32L4
RCC.MSI_VALUE=4000000
RCC.VCOOutputFreq_Value=32000000
NVIC.SysTick_IRQn=true\:0\:0\:false\:false\:true\:false\:true
ProjectManager.LastFirmware=true
ProjectManager.MainLocation=Core/Src
ProjectManager.FirmwarePackage=STM32Cube FW_L4 V1.17.0
MxDb.Version=DB.6.0.20
RCC.PLLQoutputFreq_Value=16000000
ProjectManager.ProjectFileName=EPSv2_Firmware_Test.ioc
ProjectManager.BackupPrevious=false
MxCube.Version=6.2.0
RCC.VCOInputFreq_Value=4000000
PA13\ (JTMS/SWDIO).Mode=Serial_Wire
ProjectManager.KeepUserCode=true
Mcu.UserName=STM32L412C8Tx
Mcu.PinsNb=3
RCC.RNGFreq_Value=4000000
ProjectManager.NoMain=false
RCC.ADCFreq_Value=4000000
File.Version=6
VP_SYS_VS_Systick.Mode=SysTick
NVIC.NonMaskableInt_IRQn=true\:0\:0\:false\:false\:true\:false\:false
PA14\ (JTCK/SWCLK).Mode=Serial_Wire
RCC.PLLRCLKFreq_Value=16000000
NVIC.PendSV_IRQn=true\:0\:0\:false\:false\:true\:false\:false
ProjectManager.functionlistsort=1-MX_GPIO_Init-GPIO-false-HAL-true,2-SystemClock_Config-RCC-false-HAL-false
PA13\ (JTMS/SWDIO).Locked=true
ProjectManager.FreePins=false
RCC.IPParameters=ADCFreq_Value,CRSFreq_Value,FamilyName,HSE_VALUE,HSI48_VALUE,HSI_VALUE,LSCOPinFreq_Value,LSE_VALUE,LSI_VALUE,MSI_VALUE,PLLQoutputFreq_Value,PLLRCLKFreq_Value,RNGFreq_Value,USBFreq_Value,VCOInputFreq_Value,VCOOutputFreq_Value
ProjectManager.DefaultFWLocation=true
ProjectManager.AskForMigrate=true
Mcu.Name=STM32L412C8Tx
ProjectManager.HalAssertFull=false
ProjectManager.DeletePrevious=true
RCC.CRSFreq_Value=48000000
ProjectManager.ProjectName=EPSv2_Firmware_Test
ProjectManager.UnderRoot=true
ProjectManager.CoupleFile=false
PinOutPanel.RotationAngle=0
Mcu.Package=LQFP48
RCC.FamilyName=M
ProjectManager.StackSize=0x400
NVIC.ForceEnableDMAVector=true
KeepUserPlacement=false
NVIC.MemoryManagement_IRQn=true\:0\:0\:false\:false\:true\:false\:false
ProjectManager.CompilerOptimize=6
NVIC.SVCall_IRQn=true\:0\:0\:false\:false\:true\:false\:false
Mcu.IP2=SYS
ProjectManager.ToolChainLocation=
PA14\ (JTCK/SWCLK).Locked=true
RCC.LSI_VALUE=32000
VP_SYS_VS_Systick.Signal=SYS_VS_Systick
Mcu.IP0=NVIC
PA14\ (JTCK/SWCLK).Signal=SYS_JTCK-SWCLK
Mcu.IP1=RCC
RCC.LSCOPinFreq_Value=32000
ProjectManager.HeapSize=0x200
NVIC.HardFault_IRQn=true\:0\:0\:false\:false\:true\:false\:false
Mcu.UserConstants=
ProjectManager.TargetToolchain=STM32CubeIDE
ProjectManager.ComputerToolchain=false
RCC.HSI_VALUE=16000000
Mcu.ThirdPartyNb=0
NVIC.PriorityGroup=NVIC_PRIORITYGROUP_4
Mcu.IPNb=3
ProjectManager.PreviousToolchain=
NVIC.BusFault_IRQn=true\:0\:0\:false\:false\:true\:false\:false
ProjectManager.RegisterCallBack=
RCC.USBFreq_Value=4000000
RCC.LSE_VALUE=32768
Mcu.Pin0=PA13 (JTMS/SWDIO)
Mcu.Pin1=PA14 (JTCK/SWCLK)
Mcu.Pin2=VP_SYS_VS_Systick
ProjectManager.CustomerFirmwarePackage=
ProjectManager.DeviceId=STM32L412C8Tx
ProjectManager.LibraryCopy=1
RCC.HSI48_VALUE=48000000
ProjectManager.ProjectBuild=false
PA13\ (JTMS/SWDIO).Signal=SYS_JTMS-SWDIO
RCC.HSE_VALUE=8000000
NVIC.UsageFault_IRQn=true\:0\:0\:false\:false\:true\:false\:false
NVIC.DebugMonitor_IRQn=true\:0\:0\:false\:false\:true\:false\:false
board=custom
isbadioc=false
